{
  "name": "wanikani-cli",
  "version": "1.0.0",
  "lockfileVersion": 3,
  "requires": true,
  "packages": {
    "": {
      "name": "wanikani-cli",
      "version": "1.0.0",
      "dependencies": {
        "wanakana": "^5.3.1"
      },
      "bin": {
        "wanikani": "bin/wanikani.js"
      },
      "engines": {
        "node": ">=20"
      }
    },
    "node_modules/wanakana": {
      "version": "5.3.1",
      "resolved": "https://registry.npmjs.org/wanakana/-/wanakana-5.3.1.tgz",
      "integrity": "sha512-OSDqupzTlzl2LGyqTdhcXcl6ezMiFhcUwLBP8YKaBIbMYW1wAwDvupw2T9G9oVaKT9RmaSpyTXjxddFPUcFFIw==",
      "license": "MIT",
      "engines": {
        "node": ">=12"
      }
    }
  }
}
